
Microsoft Visual Studio Solution File, Format Version 12.00
# Visual Studio Version 16
VisualStudioVersion = 16.0.29519.181
MinimumVisualStudioVersion = 10.0.40219.1
Project("{9A19103F-16F7-4668-BE54-9A1E7A4F7556}") = "TheCabbageBot", "TheCabbageBot.csproj", "{3F1619E1-F616-48D6-8C86-3B371E05E518}"
EndProject
Global
	GlobalSection(SolutionConfigurationPlatforms) = preSolution
		Debug|Any CPU = Debug|Any CPU
		Debug|x64 = Debug|x64
		Debug|x86 = Debug|x86
		isFerib|Any CPU = isFerib|Any CPU
		isFerib|x64 = isFerib|x64
		isFerib|x86 = isFerib|x86
		Release|Any CPU = Release|Any CPU
		Release|x64 = Release|x64
		Release|x86 = Release|x86
	EndGlobalSection
	GlobalSection(ProjectConfigurationPlatforms) = postSolution
		{3F1619E1-F616-48D6-8C86-3B371E05E518}.Debug|Any CPU.ActiveCfg = Debug|Any CPU
		{3F1619E1-F616-48D6-8C86-3B371E05E518}.Debug|Any CPU.Build.0 = Debug|Any CPU
		{3F1619E1-F616-48D6-8C86-3B371E05E518}.Debug|x64.ActiveCfg = Debug|x64
		{3F1619E1-F616-48D6-8C86-3B371E05E518}.Debug|x64.Build.0 = Debug|x64
		{3F1619E1-F616-48D6-8C86-3B371E05E518}.Debug|x86.ActiveCfg = Debug|x86
		{3F1619E1-F616-48D6-8C86-3B371E05E518}.Debug|x86.Build.0 = Debug|x86
		{3F1619E1-F616-48D6-8C86-3B371E05E518}.isFerib|Any CPU.ActiveCfg = isFerib|Any CPU
		{3F1619E1-F616-48D6-8C86-3B371E05E518}.isFerib|Any CPU.Build.0 = isFerib|Any CPU
		{3F1619E1-F616-48D6-8C86-3B371E05E518}.isFerib|x64.ActiveCfg = isFerib|x64
		{3F1619E1-F616-48D6-8C86-3B371E05E518}.isFerib|x64.Build.0 = isFerib|x64
		{3F1619E1-F616-48D6-8C86-3B371E05E518}.isFerib|x86.ActiveCfg = isFerib|x86
		{3F1619E1-F616-48D6-8C86-3B371E05E518}.isFerib|x86.Build.0 = isFerib|x86
		{3F1619E1-F616-48D6-8C86-3B371E05E518}.Release|Any CPU.ActiveCfg = Release|Any CPU
		{3F1619E1-F616-48D6-8C86-3B371E05E518}.Release|Any CPU.Build.0 = Release|Any CPU
		{3F1619E1-F616-48D6-8C86-3B371E05E518}.Release|x64.ActiveCfg = Release|x64
		{3F1619E1-F616-48D6-8C86-3B371E05E518}.Release|x64.Build.0 = Release|x64
		{3F1619E1-F616-48D6-8C86-3B371E05E518}.Release|x86.ActiveCfg = Release|x86
		{3F1619E1-F616-48D6-8C86-3B371E05E518}.Release|x86.Build.0 = Release|x86
	EndGlobalSection
	GlobalSection(SolutionProperties) = preSolution
		HideSolutionNode = FALSE
	EndGlobalSection
	GlobalSection(ExtensibilityGlobals) = postSolution
		SolutionGuid = {AFCEA8EA-C1EE-4B09-B177-EE46786C3514}
	EndGlobalSection
EndGlobal
